
Microsoft Visual Studio Solution File, Format Version 12.00
# Visual Studio 14
VisualStudioVersion = 14.0.24720.0
MinimumVisualStudioVersion = 10.0.40219.1
Project("{FAE04EC0-301F-11D3-BF4B-00C04F79EFBC}") = "DataLayer", "DataLayer\DataLayer.csproj", "{CEF1B5F2-A3E6-4E1F-8C27-7AAF45B7C789}"
EndProject
Project("{FAE04EC0-301F-11D3-BF4B-00C04F79EFBC}") = "WebFormsAdmin", "WebFormsAdmin\WebFormsAdmin.csproj", "{58ABE68D-F276-44A0-9673-A1155A38B6C8}"
EndProject
Global
	GlobalSection(SolutionConfigurationPlatforms) = preSolution
		Debug|Any CPU = Debug|Any CPU
		Release|Any CPU = Release|Any CPU
	EndGlobalSection
	GlobalSection(ProjectConfigurationPlatforms) = postSolution
		{CEF1B5F2-A3E6-4E1F-8C27-7AAF45B7C789}.Debug|Any CPU.ActiveCfg = Debug|Any CPU
		{CEF1B5F2-A3E6-4E1F-8C27-7AAF45B7C789}.Debug|Any CPU.Build.0 = Debug|Any CPU
		{CEF1B5F2-A3E6-4E1F-8C27-7AAF45B7C789}.Release|Any CPU.ActiveCfg = Release|Any CPU
		{CEF1B5F2-A3E6-4E1F-8C27-7AAF45B7C789}.Release|Any CPU.Build.0 = Release|Any CPU
		{58ABE68D-F276-44A0-9673-A1155A38B6C8}.Debug|Any CPU.ActiveCfg = Debug|Any CPU
		{58ABE68D-F276-44A0-9673-A1155A38B6C8}.Debug|Any CPU.Build.0 = Debug|Any CPU
		{58ABE68D-F276-44A0-9673-A1155A38B6C8}.Release|Any CPU.ActiveCfg = Release|Any CPU
		{58ABE68D-F276-44A0-9673-A1155A38B6C8}.Release|Any CPU.Build.0 = Release|Any CPU
	EndGlobalSection
	GlobalSection(SolutionProperties) = preSolution
		HideSolutionNode = FALSE
	EndGlobalSection
EndGlobal
